
Microsoft Visual Studio Solution File, Format Version 12.00
# Visual Studio Version 17
VisualStudioVersion = 17.5.33414.496
MinimumVisualStudioVersion = 10.0.40219.1
Project("{FAE04EC0-301F-11D3-BF4B-00C04F79EFBC}") = "FaceRecognize_StudentSystem", "..\FaceRecognize_StudentSystem\FaceRecognize_StudentSystem.csproj", "{B6A8882C-FCCA-446A-98CC-062D217C10F5}"
EndProject
Global
	GlobalSection(SolutionConfigurationPlatforms) = preSolution
		Debug|Any CPU = Debug|Any CPU
		Release|Any CPU = Release|Any CPU
	EndGlobalSection
	GlobalSection(ProjectConfigurationPlatforms) = postSolution
		{B6A8882C-FCCA-446A-98CC-062D217C10F5}.Debug|Any CPU.ActiveCfg = Debug|Any CPU
		{B6A8882C-FCCA-446A-98CC-062D217C10F5}.Debug|Any CPU.Build.0 = Debug|Any CPU
		{B6A8882C-FCCA-446A-98CC-062D217C10F5}.Release|Any CPU.ActiveCfg = Release|Any CPU
		{B6A8882C-FCCA-446A-98CC-062D217C10F5}.Release|Any CPU.Build.0 = Release|Any CPU
	EndGlobalSection
	GlobalSection(SolutionProperties) = preSolution
		HideSolutionNode = FALSE
	EndGlobalSection
	GlobalSection(ExtensibilityGlobals) = postSolution
		SolutionGuid = {68F585F7-6CC9-43B5-BE00-15BF8B6792B9}
	EndGlobalSection
EndGlobal
